{
  "content-hash": "laravel-package-matrix",
  "packages": [
    {"name": "laravel/framework", "version": "v7.30.7"},
    {"name": "laravel/passport", "version": "v8.5.0"},
    {"name": "laravel/sanctum", "version": "v1.3.3"},
    {"name": "laravel/horizon", "version": "v4.3.5"},
    {"name": "laravel/telescope", "version": "v3.7.0"},
    {"name": "facade/ignition", "version": "2.17.7"},
    {"name": "fideloper/proxy", "version": "4.4.1"},
    {"name": "fruitcake/laravel-cors", "version": "2.2.0"},
    {"name": "symfony/http-foundation", "version": "v4.4.49"}
  ],
  "packages-dev": [
    {"name": "phpunit/phpunit", "version": "8.5.21"},
    {"name": "mockery/mockery", "version": "1.3.6"},
    {"name": "nunomaduro/collision", "version": "v4.3.0"},
    {"name": "laravel/ui", "version": "v2.5.0"},
    {"name": "orchestra/testbench", "version": "v5.4.0"}
  ]
}
