{
    "_readme": [
        "This file locks the dependencies of your project to a known state",
        "Read more about it at https://getcomposer.org/doc/01-basic-usage.md#installing-dependencies",
        "This file is @generated automatically"
    ],
    "content-hash": "b301be6dee05cda0a1a6087081f8abfd",
    "packages": [
        {
            "name": "fixture/dependency",
            "version": "1.0.0",
            "dist": {
                "type": "path",
                "url": "../repository/fixture-dependency",
                "reference": "f6297a81dce5dc297ad845fe7839a3fa1365cc0c"
            },
            "require": {
                "php": "^8.0"
            },
            "type": "library",
            "license": [
                "MIT"
            ],
            "description": "Local package used by the relative path repository integration fixture.",
            "transport-options": {
                "symlink": false,
                "relative": true
            }
        }
    ],
    "packages-dev": [],
    "aliases": [],
    "minimum-stability": "stable",
    "stability-flags": {},
    "prefer-stable": false,
    "prefer-lowest": false,
    "platform": {
        "php": "^8.0"
    },
    "platform-dev": {},
    "plugin-api-version": "2.9.0"
}
