{
  "content-hash": "laravel-8-to-9",
  "packages": [
    {"name": "laravel/framework", "version": "v8.83.27"},
    {"name": "facade/ignition", "version": "2.17.7"},
    {"name": "league/flysystem-ftp", "version": "1.0.0"},
    {"name": "league/flysystem-sftp", "version": "1.0.0"},
    {"name": "pusher/pusher-php-server", "version": "4.1.5"}
  ],
  "packages-dev": [
    {"name": "nunomaduro/collision", "version": "v5.11.0"},
    {"name": "phpunit/phpunit", "version": "8.5.21"}
  ],
  "plugin-api-version": "2.1.0"
}
